// !$*UTF8*$!
{
	archiveVersion = 1;
	classes = {
	};
	objectVersion = 56;
	objects = {

/* Begin PBXBuildFile section */
		FABE3B33297560B2006A7094 /* AppDelegate.swift in Sources */ = {isa = PBXBuildFile; fileRef = FABE3B32297560B2006A7094 /* AppDelegate.swift */; };
		FABE3B35297560B2006A7094 /* SceneDelegate.swift in Sources */ = {isa = PBXBuildFile; fileRef = FABE3B34297560B2006A7094 /* SceneDelegate.swift */; };
		FABE3B37297560B2006A7094 /* ViewController.swift in Sources */ = {isa = PBXBuildFile; fileRef = FABE3B36297560B2006A7094 /* ViewController.swift */; };
		FABE3B3A297560B2006A7094 /* Main.storyboard in Resources */ = {isa = PBXBuildFile; fileRef = FABE3B38297560B2006A7094 /* Main.storyboard */; };
		FABE3B3D297560B2006A7094 /* TrialWithNewToken.xcdatamodeld in Sources */ = {isa = PBXBuildFile; fileRef = FABE3B3B297560B2006A7094 /* TrialWithNewToken.xcdatamodeld */; };
		FABE3B3F297560B3006A7094 /* Assets.xcassets in Resources */ = {isa = PBXBuildFile; fileRef = FABE3B3E297560B3006A7094 /* Assets.xcassets */; };
		FABE3B42297560B3006A7094 /* LaunchScreen.storyboard in Resources */ = {isa = PBXBuildFile; fileRef = FABE3B40297560B3006A7094 /* LaunchScreen.storyboard */; };
/* End PBXBuildFile section */

/* Begin PBXFileReference section */
		FABE3B2F297560B2006A7094 /* TrialWithNewToken.app */ = {isa = PBXFileReference; explicitFileType = wrapper.application; includeInIndex = 0; path = TrialWithNewToken.app; sourceTree = BUILT_PRODUCTS_DIR; };
		FABE3B32297560B2006A7094 /* AppDelegate.swift */ = {isa = PBXFileReference; lastKnownFileType = sourcecode.swift; path = AppDelegate.swift; sourceTree = "<group>"; };
		FABE3B34297560B2006A7094 /* SceneDelegate.swift */ = {isa = PBXFileReference; lastKnownFileType = sourcecode.swift; path = SceneDelegate.swift; sourceTree = "<group>"; };
		FABE3B36297560B2006A7094 /* ViewController.swift */ = {isa = PBXFileReference; lastKnownFileType = sourcecode.swift; path = ViewController.swift; sourceTree = "<group>"; };
		FABE3B39297560B2006A7094 /* Base */ = {isa = PBXFileReference; lastKnownFileType = file.storyboard; name = Base; path = Base.lproj/Main.storyboard; sourceTree = "<group>"; };
		FABE3B3C297560B2006A7094 /* TrialWithNewToken.xcdatamodel */ = {isa = PBXFileReference; lastKnownFileType = wrapper.xcdatamodel; path = TrialWithNewToken.xcdatamodel; sourceTree = "<group>"; };
		FABE3B3E297560B3006A7094 /* Assets.xcassets */ = {isa = PBXFileReference; lastKnownFileType = folder.assetcatalog; path = Assets.xcassets; sourceTree = "<group>"; };
		FABE3B41297560B3006A7094 /* Base */ = {isa = PBXFileReference; lastKnownFileType = file.storyboard; name = Base; path = Base.lproj/LaunchScreen.storyboard; sourceTree = "<group>"; };
		FABE3B43297560B3006A7094 /* Info.plist */ = {isa = PBXFileReference; lastKnownFileType = text.plist.xml; path = Info.plist; sourceTree = "<group>"; };
/* End PBXFileReference section */

/* Begin PBXFrameworksBuildPhase section */
		FABE3B2C297560B2006A7094 /* Frameworks */ = {
			isa = PBXFrameworksBuildPhase;
			buildActionMask = 2147483647;
			files = (
			);
			runOnlyForDeploymentPostprocessing = 0;
		};
/* End PBXFrameworksBuildPhase section */

/* Begin PBXGroup section */
		FABE3B26297560B2006A7094 = {
			isa = PBXGroup;
			children = (
				FABE3B31297560B2006A7094 /* TrialWithNewToken */,
				FABE3B30297560B2006A7094 /* Products */,
			);
			sourceTree = "<group>";
		};
		FABE3B30297560B2006A7094 /* Products */ = {
			isa = PBXGroup;
			children = (
				FABE3B2F297560B2006A7094 /* TrialWithNewToken.app */,
			);
			name = Products;
			sourceTree = "<group>";
		};
		FABE3B31297560B2006A7094 /* TrialWithNewToken */ = {
			isa = PBXGroup;
			children = (
				FABE3B32297560B2006A7094 /* AppDelegate.swift */,
				FABE3B34297560B2006A7094 /* SceneDelegate.swift */,
				FABE3B36297560B2006A7094 /* ViewController.swift */,
				FABE3B38297560B2006A7094 /* Main.storyboard */,
				FABE3B3E297560B3006A7094 /* Assets.xcassets */,
				FABE3B40297560B3006A7094 /* LaunchScreen.storyboard */,
				FABE3B43297560B3006A7094 /* Info.plist */,
				FABE3B3B297560B2006A7094 /* TrialWithNewToken.xcdatamodeld */,
			);
			path = TrialWithNewToken;
			sourceTree = "<group>";
		};
/* End PBXGroup section */

/* Begin PBXNativeTarget section */
		FABE3B2E297560B2006A7094 /* TrialWithNewToken */ = {
			isa = PBXNativeTarget;
			buildConfigurationList = FABE3B46297560B3006A7094 /* Build configuration list for PBXNativeTarget "TrialWithNewToken" */;
			buildPhases = (
				FABE3B2B297560B2006A7094 /* Sources */,
				FABE3B2C297560B2006A7094 /* Frameworks */,
				FABE3B2D297560B2006A7094 /* Resources */,
			);
			buildRules = (
			);
			dependencies = (
			);
			name = TrialWithNewToken;
			productName = TrialWithNewToken;
			productReference = FABE3B2F297560B2006A7094 /* TrialWithNewToken.app */;
			productType = "com.apple.product-type.application";
		};
/* End PBXNativeTarget section */

/* Begin PBXProject section */
		FABE3B27297560B2006A7094 /* Project object */ = {
			isa = PBXProject;
			attributes = {
				BuildIndependentTargetsInParallel = 1;
				LastSwiftUpdateCheck = 1420;
				LastUpgradeCheck = 1420;
				TargetAttributes = {
					FABE3B2E297560B2006A7094 = {
						CreatedOnToolsVersion = 14.2;
					};
				};
			};
			buildConfigurationList = FABE3B2A297560B2006A7094 /* Build configuration list for PBXProject "TrialWithNewToken" */;
			compatibilityVersion = "Xcode 14.0";
			developmentRegion = en;
			hasScannedForEncodings = 0;
			knownRegions = (
				en,
				Base,
			);
			mainGroup = FABE3B26297560B2006A7094;
			productRefGroup = FABE3B30297560B2006A7094 /* Products */;
			projectDirPath = "";
			projectRoot = "";
			targets = (
				FABE3B2E297560B2006A7094 /* TrialWithNewToken */,
			);
		};
/* End PBXProject section */

/* Begin PBXResourcesBuildPhase section */
		FABE3B2D297560B2006A7094 /* Resources */ = {
			isa = PBXResourcesBuildPhase;
			buildActionMask = 2147483647;
			files = (
				FABE3B42297560B3006A7094 /* LaunchScreen.storyboard in Resources */,
				FABE3B3F297560B3006A7094 /* Assets.xcassets in Resources */,
				FABE3B3A297560B2006A7094 /* Main.storyboard in Resources */,
			);
			runOnlyForDeploymentPostprocessing = 0;
		};
/* End PBXResourcesBuildPhase section */

/* Begin PBXSourcesBuildPhase section */
		FABE3B2B297560B2006A7094 /* Sources */ = {
			isa = PBXSourcesBuildPhase;
			buildActionMask = 2147483647;
			files = (
				FABE3B37297560B2006A7094 /* ViewController.swift in Sources */,
				FABE3B3D297560B2006A7094 /* TrialWithNewToken.xcdatamodeld in Sources */,
				FABE3B33297560B2006A7094 /* AppDelegate.swift in Sources */,
				FABE3B35297560B2006A7094 /* SceneDelegate.swift in Sources */,
			);
			runOnlyForDeploymentPostprocessing = 0;
		};
/* End PBXSourcesBuildPhase section */

/* Begin PBXVariantGroup section */
		FABE3B38297560B2006A7094 /* Main.storyboard */ = {
			isa = PBXVariantGroup;
			children = (
				FABE3B39297560B2006A7094 /* Base */,
			);
			name = Main.storyboard;
			sourceTree = "<group>";
		};
		FABE3B40297560B3006A7094 /* LaunchScreen.storyboard */ = {
			isa = PBXVariantGroup;
			children = (
				FABE3B41297560B3006A7094 /* Base */,
			);
			name = LaunchScreen.storyboard;
			sourceTree = "<group>";
		};
/* End PBXVariantGroup section */

/* Begin XCBuildConfiguration section */
		FABE3B44297560B3006A7094 /* Debug */ = {
			isa = XCBuildConfiguration;
			buildSettings = {
				ALWAYS_SEARCH_USER_PATHS = NO;
				CLANG_ANALYZER_NONNULL = YES;
				CLANG_ANALYZER_NUMBER_OBJECT_CONVERSION = YES_AGGRESSIVE;
				CLANG_CXX_LANGUAGE_STANDARD = "gnu++20";
				CLANG_ENABLE_MODULES = YES;
				CLANG_ENABLE_OBJC_ARC = YES;
				CLANG_ENABLE_OBJC_WEAK = YES;
				CLANG_WARN_BLOCK_CAPTURE_AUTORELEASING = YES;
				CLANG_WARN_BOOL_CONVERSION = YES;
				CLANG_WARN_COMMA = YES;
				CLANG_WARN_CONSTANT_CONVERSION = YES;
				CLANG_WARN_DEPRECATED_OBJC_IMPLEMENTATIONS = YES;
				CLANG_WARN_DIRECT_OBJC_ISA_USAGE = YES_ERROR;
				CLANG_WARN_DOCUMENTATION_COMMENTS = YES;
				CLANG_WARN_EMPTY_BODY = YES;
				CLANG_WARN_ENUM_CONVERSION = YES;
				CLANG_WARN_INFINITE_RECURSION = YES;
				CLANG_WARN_INT_CONVERSION = YES;
				CLANG_WARN_NON_LITERAL_NULL_CONVERSION = YES;
				CLANG_WARN_OBJC_IMPLICIT_RETAIN_SELF = YES;
				CLANG_WARN_OBJC_LITERAL_CONVERSION = YES;
				CLANG_WARN_OBJC_ROOT_CLASS = YES_ERROR;
				CLANG_WARN_QUOTED_INCLUDE_IN_FRAMEWORK_HEADER = YES;
				CLANG_WARN_RANGE_LOOP_ANALYSIS = YES;
				CLANG_WARN_STRICT_PROTOTYPES = YES;
				CLANG_WARN_SUSPICIOUS_MOVE = YES;
				CLANG_WARN_UNGUARDED_AVAILABILITY = YES_AGGRESSIVE;
				CLANG_WARN_UNREACHABLE_CODE = YES;
				CLANG_WARN__DUPLICATE_METHOD_MATCH = YES;
				COPY_PHASE_STRIP = NO;
				DEBUG_INFORMATION_FORMAT = dwarf;
				ENABLE_STRICT_OBJC_MSGSEND = YES;
				ENABLE_TESTABILITY = YES;
				GCC_C_LANGUAGE_STANDARD = gnu11;
				GCC_DYNAMIC_NO_PIC = NO;
				GCC_NO_COMMON_BLOCKS = YES;
				GCC_OPTIMIZATION_LEVEL = 0;
				GCC_PREPROCESSOR_DEFINITIONS = (
					"DEBUG=1",
					"$(inherited)",
				);
				GCC_WARN_64_TO_32_BIT_CONVERSION = YES;
				GCC_WARN_ABOUT_RETURN_TYPE = YES_ERROR;
				GCC_WARN_UNDECLARED_SELECTOR = YES;
				GCC_WARN_UNINITIALIZED_AUTOS = YES_AGGRESSIVE;
				GCC_WARN_UNUSED_FUNCTION = YES;
				GCC_WARN_UNUSED_VARIABLE = YES;
				IPHONEOS_DEPLOYMENT_TARGET = 16.2;
				MTL_ENABLE_DEBUG_INFO = INCLUDE_SOURCE;
				MTL_FAST_MATH = YES;
				ONLY_ACTIVE_ARCH = YES;
				SDKROOT = iphoneos;
				SWIFT_ACTIVE_COMPILATION_CONDITIONS = DEBUG;
				SWIFT_OPTIMIZATION_LEVEL = "-Onone";
			};
			name = Debug;
		};
		FABE3B45297560B3006A7094 /* Release */ = {
			isa = XCBuildConfiguration;
			buildSettings = {
				ALWAYS_SEARCH_USER_PATHS = NO;
				CLANG_ANALYZER_NONNULL = YES;
				CLANG_ANALYZER_NUMBER_OBJECT_CONVERSION = YES_AGGRESSIVE;
				CLANG_CXX_LANGUAGE_STANDARD = "gnu++20";
				CLANG_ENABLE_MODULES = YES;
				CLANG_ENABLE_OBJC_ARC = YES;
				CLANG_ENABLE_OBJC_WEAK = YES;
				CLANG_WARN_BLOCK_CAPTURE_AUTORELEASING = YES;
				CLANG_WARN_BOOL_CONVERSION = YES;
				CLANG_WARN_COMMA = YES;
				CLANG_WARN_CONSTANT_CONVERSION = YES;
				CLANG_WARN_DEPRECATED_OBJC_IMPLEMENTATIONS = YES;
				CLANG_WARN_DIRECT_OBJC_ISA_USAGE = YES_ERROR;
				CLANG_WARN_DOCUMENTATION_COMMENTS = YES;
				CLANG_WARN_EMPTY_BODY = YES;
				CLANG_WARN_ENUM_CONVERSION = YES;
				CLANG_WARN_INFINITE_RECURSION = YES;
				CLANG_WARN_INT_CONVERSION = YES;
				CLANG_WARN_NON_LITERAL_NULL_CONVERSION = YES;
				CLANG_WARN_OBJC_IMPLICIT_RETAIN_SELF = YES;
				CLANG_WARN_OBJC_LITERAL_CONVERSION = YES;
				CLANG_WARN_OBJC_ROOT_CLASS = YES_ERROR;
				CLANG_WARN_QUOTED_INCLUDE_IN_FRAMEWORK_HEADER = YES;
				CLANG_WARN_RANGE_LOOP_ANALYSIS = YES;
				CLANG_WARN_STRICT_PROTOTYPES = YES;
				CLANG_WARN_SUSPICIOUS_MOVE = YES;
				CLANG_WARN_UNGUARDED_AVAILABILITY = YES_AGGRESSIVE;
				CLANG_WARN_UNREACHABLE_CODE = YES;
				CLANG_WARN__DUPLICATE_METHOD_MATCH = YES;
				COPY_PHASE_STRIP = NO;
				DEBUG_INFORMATION_FORMAT = "dwarf-with-dsym";
				ENABLE_NS_ASSERTIONS = NO;
				ENABLE_STRICT_OBJC_MSGSEND = YES;
				GCC_C_LANGUAGE_STANDARD = gnu11;
				GCC_NO_COMMON_BLOCKS = YES;
				GCC_WARN_64_TO_32_BIT_CONVERSION = YES;
				GCC_WARN_ABOUT_RETURN_TYPE = YES_ERROR;
				GCC_WARN_UNDECLARED_SELECTOR = YES;
				GCC_WARN_UNINITIALIZED_AUTOS = YES_AGGRESSIVE;
				GCC_WARN_UNUSED_FUNCTION = YES;
				GCC_WARN_UNUSED_VARIABLE = YES;
				IPHONEOS_DEPLOYMENT_TARGET = 16.2;
				MTL_ENABLE_DEBUG_INFO = NO;
				MTL_FAST_MATH = YES;
				SDKROOT = iphoneos;
				SWIFT_COMPILATION_MODE = wholemodule;
				SWIFT_OPTIMIZATION_LEVEL = "-O";
				VALIDATE_PRODUCT = YES;
			};
			name = Release;
		};
		FABE3B47297560B3006A7094 /* Debug */ = {
			isa = XCBuildConfiguration;
			buildSettings = {
				ASSETCATALOG_COMPILER_APPICON_NAME = AppIcon;
				ASSETCATALOG_COMPILER_GLOBAL_ACCENT_COLOR_NAME = AccentColor;
				CODE_SIGN_STYLE = Automatic;
				CURRENT_PROJECT_VERSION = 1;
				GENERATE_INFOPLIST_FILE = YES;
				INFOPLIST_FILE = TrialWithNewToken/Info.plist;
				INFOPLIST_KEY_UIApplicationSupportsIndirectInputEvents = YES;
				INFOPLIST_KEY_UILaunchStoryboardName = LaunchScreen;
				INFOPLIST_KEY_UIMainStoryboardFile = Main;
				INFOPLIST_KEY_UISupportedInterfaceOrientations_iPad = "UIInterfaceOrientationPortrait UIInterfaceOrientationPortraitUpsideDown UIInterfaceOrientationLandscapeLeft UIInterfaceOrientationLandscapeRight";
				INFOPLIST_KEY_UISupportedInterfaceOrientations_iPhone = "UIInterfaceOrientationPortrait UIInterfaceOrientationLandscapeLeft UIInterfaceOrientationLandscapeRight";
				LD_RUNPATH_SEARCH_PATHS = (
					"$(inherited)",
					"@executable_path/Frameworks",
				);
				MARKETING_VERSION = 1.0;
				PRODUCT_BUNDLE_IDENTIFIER = "Alina-Klimova.TrialWithNewToken";
				PRODUCT_NAME = "$(TARGET_NAME)";
				SWIFT_EMIT_LOC_STRINGS = YES;
				SWIFT_VERSION = 5.0;
				TARGETED_DEVICE_FAMILY = "1,2";
			};
			name = Debug;
		};
		FABE3B48297560B3006A7094 /* Release */ = {
			isa = XCBuildConfiguration;
			buildSettings = {
				ASSETCATALOG_COMPILER_APPICON_NAME = AppIcon;
				ASSETCATALOG_COMPILER_GLOBAL_ACCENT_COLOR_NAME = AccentColor;
				CODE_SIGN_STYLE = Automatic;
				CURRENT_PROJECT_VERSION = 1;
				GENERATE_INFOPLIST_FILE = YES;
				INFOPLIST_FILE = TrialWithNewToken/Info.plist;
				INFOPLIST_KEY_UIApplicationSupportsIndirectInputEvents = YES;
				INFOPLIST_KEY_UILaunchStoryboardName = LaunchScreen;
				INFOPLIST_KEY_UIMainStoryboardFile = Main;
				INFOPLIST_KEY_UISupportedInterfaceOrientations_iPad = "UIInterfaceOrientationPortrait UIInterfaceOrientationPortraitUpsideDown UIInterfaceOrientationLandscapeLeft UIInterfaceOrientationLandscapeRight";
				INFOPLIST_KEY_UISupportedInterfaceOrientations_iPhone = "UIInterfaceOrientationPortrait UIInterfaceOrientationLandscapeLeft UIInterfaceOrientationLandscapeRight";
				LD_RUNPATH_SEARCH_PATHS = (
					"$(inherited)",
					"@executable_path/Frameworks",
				);
				MARKETING_VERSION = 1.0;
				PRODUCT_BUNDLE_IDENTIFIER = "Alina-Klimova.TrialWithNewToken";
				PRODUCT_NAME = "$(TARGET_NAME)";
				SWIFT_EMIT_LOC_STRINGS = YES;
				SWIFT_VERSION = 5.0;
				TARGETED_DEVICE_FAMILY = "1,2";
			};
			name = Release;
		};
/* End XCBuildConfiguration section */

/* Begin XCConfigurationList section */
		FABE3B2A297560B2006A7094 /* Build configuration list for PBXProject "TrialWithNewToken" */ = {
			isa = XCConfigurationList;
			buildConfigurations = (
				FABE3B44297560B3006A7094 /* Debug */,
				FABE3B45297560B3006A7094 /* Release */,
			);
			defaultConfigurationIsVisible = 0;
			defaultConfigurationName = Release;
		};
		FABE3B46297560B3006A7094 /* Build configuration list for PBXNativeTarget "TrialWithNewToken" */ = {
			isa = XCConfigurationList;
			buildConfigurations = (
				FABE3B47297560B3006A7094 /* Debug */,
				FABE3B48297560B3006A7094 /* Release */,
			);
			defaultConfigurationIsVisible = 0;
			defaultConfigurationName = Release;
		};
/* End XCConfigurationList section */

/* Begin XCVersionGroup section */
		FABE3B3B297560B2006A7094 /* TrialWithNewToken.xcdatamodeld */ = {
			isa = XCVersionGroup;
			children = (
				FABE3B3C297560B2006A7094 /* TrialWithNewToken.xcdatamodel */,
			);
			currentVersion = FABE3B3C297560B2006A7094 /* TrialWithNewToken.xcdatamodel */;
			path = TrialWithNewToken.xcdatamodeld;
			sourceTree = "<group>";
			versionGroupType = wrapper.xcdatamodel;
		};
/* End XCVersionGroup section */
	};
	rootObject = FABE3B27297560B2006A7094 /* Project object */;
}
